
Microsoft Visual Studio Solution File, Format Version 12.00
# Visual Studio 15
VisualStudioVersion = 15.0.28010.2048
MinimumVisualStudioVersion = 10.0.40219.1
Project("{FAE04EC0-301F-11D3-BF4B-00C04F79EFBC}") = "XAMARIN_BMI1.Android", "XAMARIN_BMI1\XAMARIN_BMI1.Android\XAMARIN_BMI1.Android.csproj", "{7E6FFC60-C33E-4714-BD20-742DA9E8AF4B}"
EndProject
Project("{FAE04EC0-301F-11D3-BF4B-00C04F79EFBC}") = "XAMARIN_BMI1.iOS", "XAMARIN_BMI1\XAMARIN_BMI1.iOS\XAMARIN_BMI1.iOS.csproj", "{13D0D069-6447-4319-AAB7-149192484900}"
EndProject
Project("{FAE04EC0-301F-11D3-BF4B-00C04F79EFBC}") = "XAMARIN_BMI1", "XAMARIN_BMI1\XAMARIN_BMI1\XAMARIN_BMI1.csproj", "{12B5C511-2474-4952-89EE-F7450FACE2EE}"
EndProject
Global
	GlobalSection(SolutionConfigurationPlatforms) = preSolution
		Ad-Hoc|Any CPU = Ad-Hoc|Any CPU
		Ad-Hoc|iPhone = Ad-Hoc|iPhone
		Ad-Hoc|iPhoneSimulator = Ad-Hoc|iPhoneSimulator
		AppStore|Any CPU = AppStore|Any CPU
		AppStore|iPhone = AppStore|iPhone
		AppStore|iPhoneSimulator = AppStore|iPhoneSimulator
		Debug|Any CPU = Debug|Any CPU
		Debug|iPhone = Debug|iPhone
		Debug|iPhoneSimulator = Debug|iPhoneSimulator
		Release|Any CPU = Release|Any CPU
		Release|iPhone = Release|iPhone
		Release|iPhoneSimulator = Release|iPhoneSimulator
	EndGlobalSection
	GlobalSection(ProjectConfigurationPlatforms) = postSolution
		{7E6FFC60-C33E-4714-BD20-742DA9E8AF4B}.Ad-Hoc|Any CPU.ActiveCfg = Release|Any CPU
		{7E6FFC60-C33E-4714-BD20-742DA9E8AF4B}.Ad-Hoc|Any CPU.Build.0 = Release|Any CPU
		{7E6FFC60-C33E-4714-BD20-742DA9E8AF4B}.Ad-Hoc|Any CPU.Deploy.0 = Release|Any CPU
		{7E6FFC60-C33E-4714-BD20-742DA9E8AF4B}.Ad-Hoc|iPhone.ActiveCfg = Release|Any CPU
		{7E6FFC60-C33E-4714-BD20-742DA9E8AF4B}.Ad-Hoc|iPhone.Build.0 = Release|Any CPU
		{7E6FFC60-C33E-4714-BD20-742DA9E8AF4B}.Ad-Hoc|iPhone.Deploy.0 = Release|Any CPU
		{7E6FFC60-C33E-4714-BD20-742DA9E8AF4B}.Ad-Hoc|iPhoneSimulator.ActiveCfg = Release|Any CPU
		{7E6FFC60-C33E-4714-BD20-742DA9E8AF4B}.Ad-Hoc|iPhoneSimulator.Build.0 = Release|Any CPU
		{7E6FFC60-C33E-4714-BD20-742DA9E8AF4B}.Ad-Hoc|iPhoneSimulator.Deploy.0 = Release|Any CPU
		{7E6FFC60-C33E-4714-BD20-742DA9E8AF4B}.AppStore|Any CPU.ActiveCfg = Release|Any CPU
		{7E6FFC60-C33E-4714-BD20-742DA9E8AF4B}.AppStore|Any CPU.Build.0 = Release|Any CPU
		{7E6FFC60-C33E-4714-BD20-742DA9E8AF4B}.AppStore|Any CPU.Deploy.0 = Release|Any CPU
		{7E6FFC60-C33E-4714-BD20-742DA9E8AF4B}.AppStore|iPhone.ActiveCfg = Release|Any CPU
		{7E6FFC60-C33E-4714-BD20-742DA9E8AF4B}.AppStore|iPhone.Build.0 = Release|Any CPU
		{7E6FFC60-C33E-4714-BD20-742DA9E8AF4B}.AppStore|iPhone.Deploy.0 = Release|Any CPU
		{7E6FFC60-C33E-4714-BD20-742DA9E8AF4B}.AppStore|iPhoneSimulator.ActiveCfg = Release|Any CPU
		{7E6FFC60-C33E-4714-BD20-742DA9E8AF4B}.AppStore|iPhoneSimulator.Build.0 = Release|Any CPU
		{7E6FFC60-C33E-4714-BD20-742DA9E8AF4B}.AppStore|iPhoneSimulator.Deploy.0 = Release|Any CPU
		{7E6FFC60-C33E-4714-BD20-742DA9E8AF4B}.Debug|Any CPU.ActiveCfg = Debug|Any CPU
		{7E6FFC60-C33E-4714-BD20-742DA9E8AF4B}.Debug|Any CPU.Build.0 = Debug|Any CPU
		{7E6FFC60-C33E-4714-BD20-742DA9E8AF4B}.Debug|Any CPU.Deploy.0 = Debug|Any CPU
		{7E6FFC60-C33E-4714-BD20-742DA9E8AF4B}.Debug|iPhone.ActiveCfg = Debug|Any CPU
		{7E6FFC60-C33E-4714-BD20-742DA9E8AF4B}.Debug|iPhone.Build.0 = Debug|Any CPU
		{7E6FFC60-C33E-4714-BD20-742DA9E8AF4B}.Debug|iPhone.Deploy.0 = Debug|Any CPU
		{7E6FFC60-C33E-4714-BD20-742DA9E8AF4B}.Debug|iPhoneSimulator.ActiveCfg = Debug|Any CPU
		{7E6FFC60-C33E-4714-BD20-742DA9E8AF4B}.Debug|iPhoneSimulator.Build.0 = Debug|Any CPU
		{7E6FFC60-C33E-4714-BD20-742DA9E8AF4B}.Debug|iPhoneSimulator.Deploy.0 = Debug|Any CPU
		{7E6FFC60-C33E-4714-BD20-742DA9E8AF4B}.Release|Any CPU.ActiveCfg = Release|Any CPU
		{7E6FFC60-C33E-4714-BD20-742DA9E8AF4B}.Release|Any CPU.Build.0 = Release|Any CPU
		{7E6FFC60-C33E-4714-BD20-742DA9E8AF4B}.Release|Any CPU.Deploy.0 = Release|Any CPU
		{7E6FFC60-C33E-4714-BD20-742DA9E8AF4B}.Release|iPhone.ActiveCfg = Release|Any CPU
		{7E6FFC60-C33E-4714-BD20-742DA9E8AF4B}.Release|iPhone.Build.0 = Release|Any CPU
		{7E6FFC60-C33E-4714-BD20-742DA9E8AF4B}.Release|iPhone.Deploy.0 = Release|Any CPU
		{7E6FFC60-C33E-4714-BD20-742DA9E8AF4B}.Release|iPhoneSimulator.ActiveCfg = Release|Any CPU
		{7E6FFC60-C33E-4714-BD20-742DA9E8AF4B}.Release|iPhoneSimulator.Build.0 = Release|Any CPU
		{7E6FFC60-C33E-4714-BD20-742DA9E8AF4B}.Release|iPhoneSimulator.Deploy.0 = Release|Any CPU
		{13D0D069-6447-4319-AAB7-149192484900}.Ad-Hoc|Any CPU.ActiveCfg = Ad-Hoc|iPhone
		{13D0D069-6447-4319-AAB7-149192484900}.Ad-Hoc|Any CPU.Build.0 = Ad-Hoc|iPhone
		{13D0D069-6447-4319-AAB7-149192484900}.Ad-Hoc|Any CPU.Deploy.0 = Ad-Hoc|iPhone
		{13D0D069-6447-4319-AAB7-149192484900}.Ad-Hoc|iPhone.ActiveCfg = Ad-Hoc|iPhone
		{13D0D069-6447-4319-AAB7-149192484900}.Ad-Hoc|iPhone.Build.0 = Ad-Hoc|iPhone
		{13D0D069-6447-4319-AAB7-149192484900}.Ad-Hoc|iPhone.Deploy.0 = Ad-Hoc|iPhone
		{13D0D069-6447-4319-AAB7-149192484900}.Ad-Hoc|iPhoneSimulator.ActiveCfg = Ad-Hoc|iPhoneSimulator
		{13D0D069-6447-4319-AAB7-149192484900}.Ad-Hoc|iPhoneSimulator.Build.0 = Ad-Hoc|iPhoneSimulator
		{13D0D069-6447-4319-AAB7-149192484900}.Ad-Hoc|iPhoneSimulator.Deploy.0 = Ad-Hoc|iPhoneSimulator
		{13D0D069-6447-4319-AAB7-149192484900}.AppStore|Any CPU.ActiveCfg = AppStore|iPhone
		{13D0D069-6447-4319-AAB7-149192484900}.AppStore|Any CPU.Build.0 = AppStore|iPhone
		{13D0D069-6447-4319-AAB7-149192484900}.AppStore|Any CPU.Deploy.0 = AppStore|iPhone
		{13D0D069-6447-4319-AAB7-149192484900}.AppStore|iPhone.ActiveCfg = AppStore|iPhone
		{13D0D069-6447-4319-AAB7-149192484900}.AppStore|iPhone.Build.0 = AppStore|iPhone
		{13D0D069-6447-4319-AAB7-149192484900}.AppStore|iPhone.Deploy.0 = AppStore|iPhone
		{13D0D069-6447-4319-AAB7-149192484900}.AppStore|iPhoneSimulator.ActiveCfg = AppStore|iPhoneSimulator
		{13D0D069-6447-4319-AAB7-149192484900}.AppStore|iPhoneSimulator.Build.0 = AppStore|iPhoneSimulator
		{13D0D069-6447-4319-AAB7-149192484900}.AppStore|iPhoneSimulator.Deploy.0 = AppStore|iPhoneSimulator
		{13D0D069-6447-4319-AAB7-149192484900}.Debug|Any CPU.ActiveCfg = Debug|iPhoneSimulator
		{13D0D069-6447-4319-AAB7-149192484900}.Debug|Any CPU.Build.0 = Debug|iPhoneSimulator
		{13D0D069-6447-4319-AAB7-149192484900}.Debug|Any CPU.Deploy.0 = Debug|iPhoneSimulator
		{13D0D069-6447-4319-AAB7-149192484900}.Debug|iPhone.ActiveCfg = Debug|iPhone
		{13D0D069-6447-4319-AAB7-149192484900}.Debug|iPhone.Build.0 = Debug|iPhone
		{13D0D069-6447-4319-AAB7-149192484900}.Debug|iPhone.Deploy.0 = Debug|iPhone
		{13D0D069-6447-4319-AAB7-149192484900}.Debug|iPhoneSimulator.ActiveCfg = Debug|iPhoneSimulator
		{13D0D069-6447-4319-AAB7-149192484900}.Debug|iPhoneSimulator.Build.0 = Debug|iPhoneSimulator
		{13D0D069-6447-4319-AAB7-149192484900}.Debug|iPhoneSimulator.Deploy.0 = Debug|iPhoneSimulator
		{13D0D069-6447-4319-AAB7-149192484900}.Release|Any CPU.ActiveCfg = Release|iPhone
		{13D0D069-6447-4319-AAB7-149192484900}.Release|Any CPU.Build.0 = Release|iPhone
		{13D0D069-6447-4319-AAB7-149192484900}.Release|Any CPU.Deploy.0 = Release|iPhone
		{13D0D069-6447-4319-AAB7-149192484900}.Release|iPhone.ActiveCfg = Release|iPhone
		{13D0D069-6447-4319-AAB7-149192484900}.Release|iPhone.Build.0 = Release|iPhone
		{13D0D069-6447-4319-AAB7-149192484900}.Release|iPhone.Deploy.0 = Release|iPhone
		{13D0D069-6447-4319-AAB7-149192484900}.Release|iPhoneSimulator.ActiveCfg = Release|iPhoneSimulator
		{13D0D069-6447-4319-AAB7-149192484900}.Release|iPhoneSimulator.Build.0 = Release|iPhoneSimulator
		{13D0D069-6447-4319-AAB7-149192484900}.Release|iPhoneSimulator.Deploy.0 = Release|iPhoneSimulator
		{12B5C511-2474-4952-89EE-F7450FACE2EE}.Ad-Hoc|Any CPU.ActiveCfg = Debug|Any CPU
		{12B5C511-2474-4952-89EE-F7450FACE2EE}.Ad-Hoc|Any CPU.Build.0 = Debug|Any CPU
		{12B5C511-2474-4952-89EE-F7450FACE2EE}.Ad-Hoc|Any CPU.Deploy.0 = Debug|Any CPU
		{12B5C511-2474-4952-89EE-F7450FACE2EE}.Ad-Hoc|iPhone.ActiveCfg = Debug|Any CPU
		{12B5C511-2474-4952-89EE-F7450FACE2EE}.Ad-Hoc|iPhone.Build.0 = Debug|Any CPU
		{12B5C511-2474-4952-89EE-F7450FACE2EE}.Ad-Hoc|iPhone.Deploy.0 = Debug|Any CPU
		{12B5C511-2474-4952-89EE-F7450FACE2EE}.Ad-Hoc|iPhoneSimulator.ActiveCfg = Debug|Any CPU
		{12B5C511-2474-4952-89EE-F7450FACE2EE}.Ad-Hoc|iPhoneSimulator.Build.0 = Debug|Any CPU
		{12B5C511-2474-4952-89EE-F7450FACE2EE}.Ad-Hoc|iPhoneSimulator.Deploy.0 = Debug|Any CPU
		{12B5C511-2474-4952-89EE-F7450FACE2EE}.AppStore|Any CPU.ActiveCfg = Debug|Any CPU
		{12B5C511-2474-4952-89EE-F7450FACE2EE}.AppStore|Any CPU.Build.0 = Debug|Any CPU
		{12B5C511-2474-4952-89EE-F7450FACE2EE}.AppStore|Any CPU.Deploy.0 = Debug|Any CPU
		{12B5C511-2474-4952-89EE-F7450FACE2EE}.AppStore|iPhone.ActiveCfg = Debug|Any CPU
		{12B5C511-2474-4952-89EE-F7450FACE2EE}.AppStore|iPhone.Build.0 = Debug|Any CPU
		{12B5C511-2474-4952-89EE-F7450FACE2EE}.AppStore|iPhone.Deploy.0 = Debug|Any CPU
		{12B5C511-2474-4952-89EE-F7450FACE2EE}.AppStore|iPhoneSimulator.ActiveCfg = Debug|Any CPU
		{12B5C511-2474-4952-89EE-F7450FACE2EE}.AppStore|iPhoneSimulator.Build.0 = Debug|Any CPU
		{12B5C511-2474-4952-89EE-F7450FACE2EE}.AppStore|iPhoneSimulator.Deploy.0 = Debug|Any CPU
		{12B5C511-2474-4952-89EE-F7450FACE2EE}.Debug|Any CPU.ActiveCfg = Debug|Any CPU
		{12B5C511-2474-4952-89EE-F7450FACE2EE}.Debug|Any CPU.Build.0 = Debug|Any CPU
		{12B5C511-2474-4952-89EE-F7450FACE2EE}.Debug|Any CPU.Deploy.0 = Debug|Any CPU
		{12B5C511-2474-4952-89EE-F7450FACE2EE}.Debug|iPhone.ActiveCfg = Debug|Any CPU
		{12B5C511-2474-4952-89EE-F7450FACE2EE}.Debug|iPhone.Build.0 = Debug|Any CPU
		{12B5C511-2474-4952-89EE-F7450FACE2EE}.Debug|iPhone.Deploy.0 = Debug|Any CPU
		{12B5C511-2474-4952-89EE-F7450FACE2EE}.Debug|iPhoneSimulator.ActiveCfg = Debug|Any CPU
		{12B5C511-2474-4952-89EE-F7450FACE2EE}.Debug|iPhoneSimulator.Build.0 = Debug|Any CPU
		{12B5C511-2474-4952-89EE-F7450FACE2EE}.Debug|iPhoneSimulator.Deploy.0 = Debug|Any CPU
		{12B5C511-2474-4952-89EE-F7450FACE2EE}.Release|Any CPU.ActiveCfg = Release|Any CPU
		{12B5C511-2474-4952-89EE-F7450FACE2EE}.Release|Any CPU.Build.0 = Release|Any CPU
		{12B5C511-2474-4952-89EE-F7450FACE2EE}.Release|Any CPU.Deploy.0 = Release|Any CPU
		{12B5C511-2474-4952-89EE-F7450FACE2EE}.Release|iPhone.ActiveCfg = Release|Any CPU
		{12B5C511-2474-4952-89EE-F7450FACE2EE}.Release|iPhone.Build.0 = Release|Any CPU
		{12B5C511-2474-4952-89EE-F7450FACE2EE}.Release|iPhone.Deploy.0 = Release|Any CPU
		{12B5C511-2474-4952-89EE-F7450FACE2EE}.Release|iPhoneSimulator.ActiveCfg = Release|Any CPU
		{12B5C511-2474-4952-89EE-F7450FACE2EE}.Release|iPhoneSimulator.Build.0 = Release|Any CPU
		{12B5C511-2474-4952-89EE-F7450FACE2EE}.Release|iPhoneSimulator.Deploy.0 = Release|Any CPU
	EndGlobalSection
	GlobalSection(SolutionProperties) = preSolution
		HideSolutionNode = FALSE
	EndGlobalSection
	GlobalSection(ExtensibilityGlobals) = postSolution
		SolutionGuid = {6B26E9DB-EEE5-44A9-8928-9407E1C96567}
	EndGlobalSection
EndGlobal
